
Microsoft Visual Studio Solution File, Format Version 12.00
# Visual Studio Version 17
VisualStudioVersion = 17.8.34322.80
MinimumVisualStudioVersion = 10.0.40219.1
Project("{FAE04EC0-301F-11D3-BF4B-00C04F79EFBC}") = "WebApplicationGit", "WebApplicationGit.csproj", "{F6CB797E-138C-4616-A01A-8A06D9A0AAB5}"
EndProject
Global
	GlobalSection(SolutionConfigurationPlatforms) = preSolution
		Debug|Any CPU = Debug|Any CPU
		Release|Any CPU = Release|Any CPU
	EndGlobalSection
	GlobalSection(ProjectConfigurationPlatforms) = postSolution
		{F6CB797E-138C-4616-A01A-8A06D9A0AAB5}.Debug|Any CPU.ActiveCfg = Debug|Any CPU
		{F6CB797E-138C-4616-A01A-8A06D9A0AAB5}.Debug|Any CPU.Build.0 = Debug|Any CPU
		{F6CB797E-138C-4616-A01A-8A06D9A0AAB5}.Release|Any CPU.ActiveCfg = Release|Any CPU
		{F6CB797E-138C-4616-A01A-8A06D9A0AAB5}.Release|Any CPU.Build.0 = Release|Any CPU
	EndGlobalSection
	GlobalSection(SolutionProperties) = preSolution
		HideSolutionNode = FALSE
	EndGlobalSection
	GlobalSection(ExtensibilityGlobals) = postSolution
		SolutionGuid = {A8E43514-3C1D-4A50-BF9E-EA87C7EF4D44}
	EndGlobalSection
EndGlobal
